{
  "name": "ts-31218",
  "version": "1.0.0",
  "lockfileVersion": 1,
  "requires": true,
  "dependencies": {
    "@types/node": {
      "version": "11.13.9",
      "resolved": "https://registry.npmjs.org/@types/node/-/node-11.13.9.tgz",
      "integrity": "sha512-NJ4yuEVw5podZbINp3tEqUIImMSAEHaCXRiWCf3KC32l6hIKf0iPJEh2uZdT0fELfRYk310yLmMXqy2leZQUbg=="
    },
    "typescript": {
      "version": "3.5.0-dev.20190503",
      "resolved": "https://registry.npmjs.org/typescript/-/typescript-3.5.0-dev.20190503.tgz",
      "integrity": "sha512-9S0RQJ02finIQpSEvzzX1LJCZST+uSDgpc8dass8M0xO1GeTMzlGunwLjIKgVn0IuUxuoynqYexPy3+FQKfHJA=="
    }
  }
}
